
Microsoft Visual Studio Solution File, Format Version 12.00
# Visual Studio 15
VisualStudioVersion = 15.0.28307.539
MinimumVisualStudioVersion = 10.0.40219.1
Project("{FAE04EC0-301F-11D3-BF4B-00C04F79EFBC}") = "DataBaseAccess", "DataBaseAccess\DataBaseAccess.csproj", "{B4C6239B-4914-496F-BAA6-23009DB9048A}"
EndProject
Global
	GlobalSection(SolutionConfigurationPlatforms) = preSolution
		Debug|Any CPU = Debug|Any CPU
		Release|Any CPU = Release|Any CPU
	EndGlobalSection
	GlobalSection(ProjectConfigurationPlatforms) = postSolution
		{B4C6239B-4914-496F-BAA6-23009DB9048A}.Debug|Any CPU.ActiveCfg = Debug|Any CPU
		{B4C6239B-4914-496F-BAA6-23009DB9048A}.Debug|Any CPU.Build.0 = Debug|Any CPU
		{B4C6239B-4914-496F-BAA6-23009DB9048A}.Release|Any CPU.ActiveCfg = Release|Any CPU
		{B4C6239B-4914-496F-BAA6-23009DB9048A}.Release|Any CPU.Build.0 = Release|Any CPU
	EndGlobalSection
	GlobalSection(SolutionProperties) = preSolution
		HideSolutionNode = FALSE
	EndGlobalSection
	GlobalSection(ExtensibilityGlobals) = postSolution
		SolutionGuid = {48A0A10E-3CCC-41E0-93E0-99B91220AF86}
	EndGlobalSection
EndGlobal
